{
  "nodes": {
    "fw-pkgs": {
      "locked": {
        "lastModified": 1717322328,
        "narHash": "sha256-Kb45yu6RgfTgtcwaj3eme5k/zjh3W3Gw5ACl7/OBYmw=",
        "owner": "fwastring",
        "repo": "fwpkgs",
        "rev": "f9d01269a520872f15f5e30f286616261821b158",
        "type": "github"
      },
      "original": {
        "owner": "fwastring",
        "ref": "main",
        "repo": "fwpkgs",
        "type": "github"
      }
    },
    "home-manager": {
      "inputs": {
        "nixpkgs": [
          "nixpkgs"
        ]
      },
      "locked": {
        "lastModified": 1717527182,
        "narHash": "sha256-vWSkg6AMok1UUQiSYVdGMOXKD2cDFnajITiSi0Zjd1A=",
        "owner": "nix-community",
        "repo": "home-manager",
        "rev": "845a5c4c073f74105022533907703441e0464bc3",
        "type": "github"
      },
      "original": {
        "owner": "nix-community",
        "ref": "release-24.05",
        "repo": "home-manager",
        "type": "github"
      }
    },
    "nixpkgs": {
      "locked": {
        "lastModified": 1718208800,
        "narHash": "sha256-US1tAChvPxT52RV8GksWZS415tTS7PV42KTc2PNDBmc=",
        "owner": "NixOS",
        "repo": "nixpkgs",
        "rev": "cc54fb41d13736e92229c21627ea4f22199fee6b",
        "type": "github"
      },
      "original": {
        "owner": "NixOS",
        "ref": "nixos-24.05",
        "repo": "nixpkgs",
        "type": "github"
      }
    },
    "nixpkgs-stable": {
      "locked": {
        "lastModified": 1713638189,
        "narHash": "sha256-q7APLfB6FmmSMI1Su5ihW9IwntBsk2hWNXh8XtSdSIk=",
        "owner": "NixOS",
        "repo": "nixpkgs",
        "rev": "74574c38577914733b4f7a775dd77d24245081dd",
        "type": "github"
      },
      "original": {
        "owner": "NixOS",
        "ref": "release-23.11",
        "repo": "nixpkgs",
        "type": "github"
      }
    },
    "nixpkgs-unstable": {
      "locked": {
        "lastModified": 1718318537,
        "narHash": "sha256-4Zu0RYRcAY/VWuu6awwq4opuiD//ahpc2aFHg2CWqFY=",
        "owner": "NixOS",
        "repo": "nixpkgs",
        "rev": "e9ee548d90ff586a6471b4ae80ae9cfcbceb3420",
        "type": "github"
      },
      "original": {
        "owner": "NixOS",
        "ref": "nixos-unstable",
        "repo": "nixpkgs",
        "type": "github"
      }
    },
    "nixpkgs_2": {
      "locked": {
        "lastModified": 1713596654,
        "narHash": "sha256-LJbHQQ5aX1LVth2ST+Kkse/DRzgxlVhTL1rxthvyhZc=",
        "owner": "NixOS",
        "repo": "nixpkgs",
        "rev": "fd16bb6d3bcca96039b11aa52038fafeb6e4f4be",
        "type": "github"
      },
      "original": {
        "owner": "NixOS",
        "ref": "nixpkgs-unstable",
        "repo": "nixpkgs",
        "type": "github"
      }
    },
    "root": {
      "inputs": {
        "fw-pkgs": "fw-pkgs",
        "home-manager": "home-manager",
        "nixpkgs": "nixpkgs",
        "nixpkgs-unstable": "nixpkgs-unstable",
        "sops-nix": "sops-nix"
      }
    },
    "sops-nix": {
      "inputs": {
        "nixpkgs": "nixpkgs_2",
        "nixpkgs-stable": "nixpkgs-stable"
      },
      "locked": {
        "lastModified": 1713892811,
        "narHash": "sha256-uIGmA2xq41vVFETCF1WW4fFWFT2tqBln+aXnWrvjGRE=",
        "path": "/nix/store/d0lnnw00mxa025i7dz4g4qcdfixxmg1s-source",
        "rev": "f1b0adc27265274e3b0c9b872a8f476a098679bd",
        "type": "path"
      },
      "original": {
        "id": "sops-nix",
        "type": "indirect"
      }
    }
  },
  "root": "root",
  "version": 7
}
